
Microsoft Visual Studio Solution File, Format Version 12.00
# Visual Studio Version 17
VisualStudioVersion = 17.4.33122.133
MinimumVisualStudioVersion = 10.0.40219.1
Project("{9A19103F-16F7-4668-BE54-9A1E7A4F7556}") = "Client", "Client.csproj", "{7E4E17A7-97A0-4BF9-A901-990B93150713}"
EndProject
Global
	GlobalSection(SolutionConfigurationPlatforms) = preSolution
		Debug|Any CPU = Debug|Any CPU
		Release|Any CPU = Release|Any CPU
	EndGlobalSection
	GlobalSection(ProjectConfigurationPlatforms) = postSolution
		{7E4E17A7-97A0-4BF9-A901-990B93150713}.Debug|Any CPU.ActiveCfg = Debug|Any CPU
		{7E4E17A7-97A0-4BF9-A901-990B93150713}.Debug|Any CPU.Build.0 = Debug|Any CPU
		{7E4E17A7-97A0-4BF9-A901-990B93150713}.Release|Any CPU.ActiveCfg = Release|Any CPU
		{7E4E17A7-97A0-4BF9-A901-990B93150713}.Release|Any CPU.Build.0 = Release|Any CPU
	EndGlobalSection
	GlobalSection(SolutionProperties) = preSolution
		HideSolutionNode = FALSE
	EndGlobalSection
	GlobalSection(ExtensibilityGlobals) = postSolution
		SolutionGuid = {2AB61284-52F7-4E31-982C-235FEA0BF42A}
	EndGlobalSection
EndGlobal
